// !$*UTF8*$!
{
	archiveVersion = 1;
	classes = {
	};
	objectVersion = 46;
	objects = {

/* Begin PBXBuildFile section */
		58FB172F18ED5E2A009D8BFB /* Foundation.framework in Frameworks */ = {isa = PBXBuildFile; fileRef = 58FB172E18ED5E2A009D8BFB /* Foundation.framework */; };
		58FB173118ED5E2A009D8BFB /* CoreGraphics.framework in Frameworks */ = {isa = PBXBuildFile; fileRef = 58FB173018ED5E2A009D8BFB /* CoreGraphics.framework */; };
		58FB173318ED5E2A009D8BFB /* UIKit.framework in Frameworks */ = {isa = PBXBuildFile; fileRef = 58FB173218ED5E2A009D8BFB /* UIKit.framework */; };
		58FB173918ED5E2A009D8BFB /* InfoPlist.strings in Resources */ = {isa = PBXBuildFile; fileRef = 58FB173718ED5E2A009D8BFB /* InfoPlist.strings */; };
		58FB173B18ED5E2A009D8BFB /* main.m in Sources */ = {isa = PBXBuildFile; fileRef = 58FB173A18ED5E2A009D8BFB /* main.m */; };
		58FB173F18ED5E2A009D8BFB /* AppDelegate.m in Sources */ = {isa = PBXBuildFile; fileRef = 58FB173E18ED5E2A009D8BFB /* AppDelegate.m */; };
		58FB174218ED5E2A009D8BFB /* Main.storyboard in Resources */ = {isa = PBXBuildFile; fileRef = 58FB174018ED5E2A009D8BFB /* Main.storyboard */; };
		58FB174518ED5E2A009D8BFB /* ViewController.m in Sources */ = {isa = PBXBuildFile; fileRef = 58FB174418ED5E2A009D8BFB /* ViewController.m */; };
		58FB174718ED5E2A009D8BFB /* Images.xcassets in Resources */ = {isa = PBXBuildFile; fileRef = 58FB174618ED5E2A009D8BFB /* Images.xcassets */; };
		58FB174E18ED5E2A009D8BFB /* XCTest.framework in Frameworks */ = {isa = PBXBuildFile; fileRef = 58FB174D18ED5E2A009D8BFB /* XCTest.framework */; };
		58FB174F18ED5E2A009D8BFB /* Foundation.framework in Frameworks */ = {isa = PBXBuildFile; fileRef = 58FB172E18ED5E2A009D8BFB /* Foundation.framework */; };
		58FB175018ED5E2A009D8BFB /* UIKit.framework in Frameworks */ = {isa = PBXBuildFile; fileRef = 58FB173218ED5E2A009D8BFB /* UIKit.framework */; };
		58FB175818ED5E2B009D8BFB /* InfoPlist.strings in Resources */ = {isa = PBXBuildFile; fileRef = 58FB175618ED5E2B009D8BFB /* InfoPlist.strings */; };
		58FB175A18ED5E2B009D8BFB /* EmoticonsTests.m in Sources */ = {isa = PBXBuildFile; fileRef = 58FB175918ED5E2B009D8BFB /* EmoticonsTests.m */; };
/* End PBXBuildFile section */

/* Begin PBXContainerItemProxy section */
		58FB175118ED5E2A009D8BFB /* PBXContainerItemProxy */ = {
			isa = PBXContainerItemProxy;
			containerPortal = 58FB172318ED5E29009D8BFB /* Project object */;
			proxyType = 1;
			remoteGlobalIDString = 58FB172A18ED5E29009D8BFB;
			remoteInfo = Emoticons;
		};
/* End PBXContainerItemProxy section */

/* Begin PBXFileReference section */
		58FB172B18ED5E2A009D8BFB /* Emoticons.app */ = {isa = PBXFileReference; explicitFileType = wrapper.application; includeInIndex = 0; path = Emoticons.app; sourceTree = BUILT_PRODUCTS_DIR; };
		58FB172E18ED5E2A009D8BFB /* Foundation.framework */ = {isa = PBXFileReference; lastKnownFileType = wrapper.framework; name = Foundation.framework; path = System/Library/Frameworks/Foundation.framework; sourceTree = SDKROOT; };
		58FB173018ED5E2A009D8BFB /* CoreGraphics.framework */ = {isa = PBXFileReference; lastKnownFileType = wrapper.framework; name = CoreGraphics.framework; path = System/Library/Frameworks/CoreGraphics.framework; sourceTree = SDKROOT; };
		58FB173218ED5E2A009D8BFB /* UIKit.framework */ = {isa = PBXFileReference; lastKnownFileType = wrapper.framework; name = UIKit.framework; path = System/Library/Frameworks/UIKit.framework; sourceTree = SDKROOT; };
		58FB173618ED5E2A009D8BFB /* Emoticons-Info.plist */ = {isa = PBXFileReference; lastKnownFileType = text.plist.xml; path = "Emoticons-Info.plist"; sourceTree = "<group>"; };
		58FB173818ED5E2A009D8BFB /* en */ = {isa = PBXFileReference; lastKnownFileType = text.plist.strings; name = en; path = en.lproj/InfoPlist.strings; sourceTree = "<group>"; };
		58FB173A18ED5E2A009D8BFB /* main.m */ = {isa = PBXFileReference; lastKnownFileType = sourcecode.c.objc; path = main.m; sourceTree = "<group>"; };
		58FB173C18ED5E2A009D8BFB /* Emoticons-Prefix.pch */ = {isa = PBXFileReference; lastKnownFileType = sourcecode.c.h; path = "Emoticons-Prefix.pch"; sourceTree = "<group>"; };
		58FB173D18ED5E2A009D8BFB /* AppDelegate.h */ = {isa = PBXFileReference; lastKnownFileType = sourcecode.c.h; path = AppDelegate.h; sourceTree = "<group>"; };
		58FB173E18ED5E2A009D8BFB /* AppDelegate.m */ = {isa = PBXFileReference; lastKnownFileType = sourcecode.c.objc; path = AppDelegate.m; sourceTree = "<group>"; };
		58FB174118ED5E2A009D8BFB /* Base */ = {isa = PBXFileReference; lastKnownFileType = file.storyboard; name = Base; path = Base.lproj/Main.storyboard; sourceTree = "<group>"; };
		58FB174318ED5E2A009D8BFB /* ViewController.h */ = {isa = PBXFileReference; lastKnownFileType = sourcecode.c.h; path = ViewController.h; sourceTree = "<group>"; };
		58FB174418ED5E2A009D8BFB /* ViewController.m */ = {isa = PBXFileReference; lastKnownFileType = sourcecode.c.objc; path = ViewController.m; sourceTree = "<group>"; };
		58FB174618ED5E2A009D8BFB /* Images.xcassets */ = {isa = PBXFileReference; lastKnownFileType = folder.assetcatalog; path = Images.xcassets; sourceTree = "<group>"; };
		58FB174C18ED5E2A009D8BFB /* EmoticonsTests.xctest */ = {isa = PBXFileReference; explicitFileType = wrapper.cfbundle; includeInIndex = 0; path = EmoticonsTests.xctest; sourceTree = BUILT_PRODUCTS_DIR; };
		58FB174D18ED5E2A009D8BFB /* XCTest.framework */ = {isa = PBXFileReference; lastKnownFileType = wrapper.framework; name = XCTest.framework; path = Library/Frameworks/XCTest.framework; sourceTree = DEVELOPER_DIR; };
		58FB175518ED5E2B009D8BFB /* EmoticonsTests-Info.plist */ = {isa = PBXFileReference; lastKnownFileType = text.plist.xml; path = "EmoticonsTests-Info.plist"; sourceTree = "<group>"; };
		58FB175718ED5E2B009D8BFB /* en */ = {isa = PBXFileReference; lastKnownFileType = text.plist.strings; name = en; path = en.lproj/InfoPlist.strings; sourceTree = "<group>"; };
		58FB175918ED5E2B009D8BFB /* EmoticonsTests.m */ = {isa = PBXFileReference; lastKnownFileType = sourcecode.c.objc; path = EmoticonsTests.m; sourceTree = "<group>"; };
/* End PBXFileReference section */

/* Begin PBXFrameworksBuildPhase section */
		58FB172818ED5E29009D8BFB /* Frameworks */ = {
			isa = PBXFrameworksBuildPhase;
			buildActionMask = 2147483647;
			files = (
				58FB173118ED5E2A009D8BFB /* CoreGraphics.framework in Frameworks */,
				58FB173318ED5E2A009D8BFB /* UIKit.framework in Frameworks */,
				58FB172F18ED5E2A009D8BFB /* Foundation.framework in Frameworks */,
			);
			runOnlyForDeploymentPostprocessing = 0;
		};
		58FB174918ED5E2A009D8BFB /* Frameworks */ = {
			isa = PBXFrameworksBuildPhase;
			buildActionMask = 2147483647;
			files = (
				58FB174E18ED5E2A009D8BFB /* XCTest.framework in Frameworks */,
				58FB175018ED5E2A009D8BFB /* UIKit.framework in Frameworks */,
				58FB174F18ED5E2A009D8BFB /* Foundation.framework in Frameworks */,
			);
			runOnlyForDeploymentPostprocessing = 0;
		};
/* End PBXFrameworksBuildPhase section */

/* Begin PBXGroup section */
		58FB172218ED5E29009D8BFB = {
			isa = PBXGroup;
			children = (
				58FB173418ED5E2A009D8BFB /* Emoticons */,
				58FB175318ED5E2A009D8BFB /* EmoticonsTests */,
				58FB172D18ED5E2A009D8BFB /* Frameworks */,
				58FB172C18ED5E2A009D8BFB /* Products */,
			);
			sourceTree = "<group>";
		};
		58FB172C18ED5E2A009D8BFB /* Products */ = {
			isa = PBXGroup;
			children = (
				58FB172B18ED5E2A009D8BFB /* Emoticons.app */,
				58FB174C18ED5E2A009D8BFB /* EmoticonsTests.xctest */,
			);
			name = Products;
			sourceTree = "<group>";
		};
		58FB172D18ED5E2A009D8BFB /* Frameworks */ = {
			isa = PBXGroup;
			children = (
				58FB172E18ED5E2A009D8BFB /* Foundation.framework */,
				58FB173018ED5E2A009D8BFB /* CoreGraphics.framework */,
				58FB173218ED5E2A009D8BFB /* UIKit.framework */,
				58FB174D18ED5E2A009D8BFB /* XCTest.framework */,
			);
			name = Frameworks;
			sourceTree = "<group>";
		};
		58FB173418ED5E2A009D8BFB /* Emoticons */ = {
			isa = PBXGroup;
			children = (
				58FB173D18ED5E2A009D8BFB /* AppDelegate.h */,
				58FB173E18ED5E2A009D8BFB /* AppDelegate.m */,
				58FB174018ED5E2A009D8BFB /* Main.storyboard */,
				58FB174318ED5E2A009D8BFB /* ViewController.h */,
				58FB174418ED5E2A009D8BFB /* ViewController.m */,
				58FB174618ED5E2A009D8BFB /* Images.xcassets */,
				58FB173518ED5E2A009D8BFB /* Supporting Files */,
			);
			path = Emoticons;
			sourceTree = "<group>";
		};
		58FB173518ED5E2A009D8BFB /* Supporting Files */ = {
			isa = PBXGroup;
			children = (
				58FB173618ED5E2A009D8BFB /* Emoticons-Info.plist */,
				58FB173718ED5E2A009D8BFB /* InfoPlist.strings */,
				58FB173A18ED5E2A009D8BFB /* main.m */,
				58FB173C18ED5E2A009D8BFB /* Emoticons-Prefix.pch */,
			);
			name = "Supporting Files";
			sourceTree = "<group>";
		};
		58FB175318ED5E2A009D8BFB /* EmoticonsTests */ = {
			isa = PBXGroup;
			children = (
				58FB175918ED5E2B009D8BFB /* EmoticonsTests.m */,
				58FB175418ED5E2B009D8BFB /* Supporting Files */,
			);
			path = EmoticonsTests;
			sourceTree = "<group>";
		};
		58FB175418ED5E2B009D8BFB /* Supporting Files */ = {
			isa = PBXGroup;
			children = (
				58FB175518ED5E2B009D8BFB /* EmoticonsTests-Info.plist */,
				58FB175618ED5E2B009D8BFB /* InfoPlist.strings */,
			);
			name = "Supporting Files";
			sourceTree = "<group>";
		};
/* End PBXGroup section */

/* Begin PBXNativeTarget section */
		58FB172A18ED5E29009D8BFB /* Emoticons */ = {
			isa = PBXNativeTarget;
			buildConfigurationList = 58FB175D18ED5E2B009D8BFB /* Build configuration list for PBXNativeTarget "Emoticons" */;
			buildPhases = (
				58FB172718ED5E29009D8BFB /* Sources */,
				58FB172818ED5E29009D8BFB /* Frameworks */,
				58FB172918ED5E29009D8BFB /* Resources */,
			);
			buildRules = (
			);
			dependencies = (
			);
			name = Emoticons;
			productName = Emoticons;
			productReference = 58FB172B18ED5E2A009D8BFB /* Emoticons.app */;
			productType = "com.apple.product-type.application";
		};
		58FB174B18ED5E2A009D8BFB /* EmoticonsTests */ = {
			isa = PBXNativeTarget;
			buildConfigurationList = 58FB176018ED5E2B009D8BFB /* Build configuration list for PBXNativeTarget "EmoticonsTests" */;
			buildPhases = (
				58FB174818ED5E2A009D8BFB /* Sources */,
				58FB174918ED5E2A009D8BFB /* Frameworks */,
				58FB174A18ED5E2A009D8BFB /* Resources */,
			);
			buildRules = (
			);
			dependencies = (
				58FB175218ED5E2A009D8BFB /* PBXTargetDependency */,
			);
			name = EmoticonsTests;
			productName = EmoticonsTests;
			productReference = 58FB174C18ED5E2A009D8BFB /* EmoticonsTests.xctest */;
			productType = "com.apple.product-type.bundle.unit-test";
		};
/* End PBXNativeTarget section */

/* Begin PBXProject section */
		58FB172318ED5E29009D8BFB /* Project object */ = {
			isa = PBXProject;
			attributes = {
				LastUpgradeCheck = 0510;
				ORGANIZATIONNAME = SSC;
				TargetAttributes = {
					58FB174B18ED5E2A009D8BFB = {
						TestTargetID = 58FB172A18ED5E29009D8BFB;
					};
				};
			};
			buildConfigurationList = 58FB172618ED5E29009D8BFB /* Build configuration list for PBXProject "Emoticons" */;
			compatibilityVersion = "Xcode 3.2";
			developmentRegion = English;
			hasScannedForEncodings = 0;
			knownRegions = (
				en,
				Base,
			);
			mainGroup = 58FB172218ED5E29009D8BFB;
			productRefGroup = 58FB172C18ED5E2A009D8BFB /* Products */;
			projectDirPath = "";
			projectRoot = "";
			targets = (
				58FB172A18ED5E29009D8BFB /* Emoticons */,
				58FB174B18ED5E2A009D8BFB /* EmoticonsTests */,
			);
		};
/* End PBXProject section */

/* Begin PBXResourcesBuildPhase section */
		58FB172918ED5E29009D8BFB /* Resources */ = {
			isa = PBXResourcesBuildPhase;
			buildActionMask = 2147483647;
			files = (
				58FB174718ED5E2A009D8BFB /* Images.xcassets in Resources */,
				58FB173918ED5E2A009D8BFB /* InfoPlist.strings in Resources */,
				58FB174218ED5E2A009D8BFB /* Main.storyboard in Resources */,
			);
			runOnlyForDeploymentPostprocessing = 0;
		};
		58FB174A18ED5E2A009D8BFB /* Resources */ = {
			isa = PBXResourcesBuildPhase;
			buildActionMask = 2147483647;
			files = (
				58FB175818ED5E2B009D8BFB /* InfoPlist.strings in Resources */,
			);
			runOnlyForDeploymentPostprocessing = 0;
		};
/* End PBXResourcesBuildPhase section */

/* Begin PBXSourcesBuildPhase section */
		58FB172718ED5E29009D8BFB /* Sources */ = {
			isa = PBXSourcesBuildPhase;
			buildActionMask = 2147483647;
			files = (
				58FB174518ED5E2A009D8BFB /* ViewController.m in Sources */,
				58FB173F18ED5E2A009D8BFB /* AppDelegate.m in Sources */,
				58FB173B18ED5E2A009D8BFB /* main.m in Sources */,
			);
			runOnlyForDeploymentPostprocessing = 0;
		};
		58FB174818ED5E2A009D8BFB /* Sources */ = {
			isa = PBXSourcesBuildPhase;
			buildActionMask = 2147483647;
			files = (
				58FB175A18ED5E2B009D8BFB /* EmoticonsTests.m in Sources */,
			);
			runOnlyForDeploymentPostprocessing = 0;
		};
/* End PBXSourcesBuildPhase section */

/* Begin PBXTargetDependency section */
		58FB175218ED5E2A009D8BFB /* PBXTargetDependency */ = {
			isa = PBXTargetDependency;
			target = 58FB172A18ED5E29009D8BFB /* Emoticons */;
			targetProxy = 58FB175118ED5E2A009D8BFB /* PBXContainerItemProxy */;
		};
/* End PBXTargetDependency section */

/* Begin PBXVariantGroup section */
		58FB173718ED5E2A009D8BFB /* InfoPlist.strings */ = {
			isa = PBXVariantGroup;
			children = (
				58FB173818ED5E2A009D8BFB /* en */,
			);
			name = InfoPlist.strings;
			sourceTree = "<group>";
		};
		58FB174018ED5E2A009D8BFB /* Main.storyboard */ = {
			isa = PBXVariantGroup;
			children = (
				58FB174118ED5E2A009D8BFB /* Base */,
			);
			name = Main.storyboard;
			sourceTree = "<group>";
		};
		58FB175618ED5E2B009D8BFB /* InfoPlist.strings */ = {
			isa = PBXVariantGroup;
			children = (
				58FB175718ED5E2B009D8BFB /* en */,
			);
			name = InfoPlist.strings;
			sourceTree = "<group>";
		};
/* End PBXVariantGroup section */

/* Begin XCBuildConfiguration section */
		58FB175B18ED5E2B009D8BFB /* Debug */ = {
			isa = XCBuildConfiguration;
			buildSettings = {
				ALWAYS_SEARCH_USER_PATHS = NO;
				CLANG_CXX_LANGUAGE_STANDARD = "gnu++0x";
				CLANG_CXX_LIBRARY = "libc++";
				CLANG_ENABLE_MODULES = YES;
				CLANG_ENABLE_OBJC_ARC = YES;
				CLANG_WARN_BOOL_CONVERSION = YES;
				CLANG_WARN_CONSTANT_CONVERSION = YES;
				CLANG_WARN_DIRECT_OBJC_ISA_USAGE = YES_ERROR;
				CLANG_WARN_EMPTY_BODY = YES;
				CLANG_WARN_ENUM_CONVERSION = YES;
				CLANG_WARN_INT_CONVERSION = YES;
				CLANG_WARN_OBJC_ROOT_CLASS = YES_ERROR;
				CLANG_WARN__DUPLICATE_METHOD_MATCH = YES;
				"CODE_SIGN_IDENTITY[sdk=iphoneos*]" = "iPhone Developer";
				COPY_PHASE_STRIP = NO;
				GCC_C_LANGUAGE_STANDARD = gnu99;
				GCC_DYNAMIC_NO_PIC = NO;
				GCC_OPTIMIZATION_LEVEL = 0;
				GCC_PREPROCESSOR_DEFINITIONS = (
					"DEBUG=1",
					"$(inherited)",
				);
				GCC_SYMBOLS_PRIVATE_EXTERN = NO;
				GCC_WARN_64_TO_32_BIT_CONVERSION = YES;
				GCC_WARN_ABOUT_RETURN_TYPE = YES_ERROR;
				GCC_WARN_UNDECLARED_SELECTOR = YES;
				GCC_WARN_UNINITIALIZED_AUTOS = YES_AGGRESSIVE;
				GCC_WARN_UNUSED_FUNCTION = YES;
				GCC_WARN_UNUSED_VARIABLE = YES;
				IPHONEOS_DEPLOYMENT_TARGET = 7.1;
				ONLY_ACTIVE_ARCH = YES;
				SDKROOT = iphoneos;
			};
			name = Debug;
		};
		58FB175C18ED5E2B009D8BFB /* Release */ = {
			isa = XCBuildConfiguration;
			buildSettings = {
				ALWAYS_SEARCH_USER_PATHS = NO;
				CLANG_CXX_LANGUAGE_STANDARD = "gnu++0x";
				CLANG_CXX_LIBRARY = "libc++";
				CLANG_ENABLE_MODULES = YES;
				CLANG_ENABLE_OBJC_ARC = YES;
				CLANG_WARN_BOOL_CONVERSION = YES;
				CLANG_WARN_CONSTANT_CONVERSION = YES;
				CLANG_WARN_DIRECT_OBJC_ISA_USAGE = YES_ERROR;
				CLANG_WARN_EMPTY_BODY = YES;
				CLANG_WARN_ENUM_CONVERSION = YES;
				CLANG_WARN_INT_CONVERSION = YES;
				CLANG_WARN_OBJC_ROOT_CLASS = YES_ERROR;
				CLANG_WARN__DUPLICATE_METHOD_MATCH = YES;
				"CODE_SIGN_IDENTITY[sdk=iphoneos*]" = "iPhone Developer";
				COPY_PHASE_STRIP = YES;
				ENABLE_NS_ASSERTIONS = NO;
				GCC_C_LANGUAGE_STANDARD = gnu99;
				GCC_WARN_64_TO_32_BIT_CONVERSION = YES;
				GCC_WARN_ABOUT_RETURN_TYPE = YES_ERROR;
				GCC_WARN_UNDECLARED_SELECTOR = YES;
				GCC_WARN_UNINITIALIZED_AUTOS = YES_AGGRESSIVE;
				GCC_WARN_UNUSED_FUNCTION = YES;
				GCC_WARN_UNUSED_VARIABLE = YES;
				IPHONEOS_DEPLOYMENT_TARGET = 7.1;
				SDKROOT = iphoneos;
				VALIDATE_PRODUCT = YES;
			};
			name = Release;
		};
		58FB175E18ED5E2B009D8BFB /* Debug */ = {
			isa = XCBuildConfiguration;
			buildSettings = {
				ASSETCATALOG_COMPILER_APPICON_NAME = AppIcon;
				ASSETCATALOG_COMPILER_LAUNCHIMAGE_NAME = LaunchImage;
				CODE_SIGN_IDENTITY = "iPhone Developer: Toshiki Nakanishi (WRHUFP3254)";
				GCC_PRECOMPILE_PREFIX_HEADER = YES;
				GCC_PREFIX_HEADER = "Emoticons/Emoticons-Prefix.pch";
				INFOPLIST_FILE = "Emoticons/Emoticons-Info.plist";
				IPHONEOS_DEPLOYMENT_TARGET = 5.1.1;
				PRODUCT_NAME = "$(TARGET_NAME)";
				PROVISIONING_PROFILE = "7ACEE9F3-C24B-4C0D-948A-4442C51DD40A";
				WRAPPER_EXTENSION = app;
			};
			name = Debug;
		};
		58FB175F18ED5E2B009D8BFB /* Release */ = {
			isa = XCBuildConfiguration;
			buildSettings = {
				ASSETCATALOG_COMPILER_APPICON_NAME = AppIcon;
				ASSETCATALOG_COMPILER_LAUNCHIMAGE_NAME = LaunchImage;
				CODE_SIGN_IDENTITY = "iPhone Distribution: Toshiki Nakanishi (7FY9ETDU35)";
				GCC_PRECOMPILE_PREFIX_HEADER = YES;
				GCC_PREFIX_HEADER = "Emoticons/Emoticons-Prefix.pch";
				INFOPLIST_FILE = "Emoticons/Emoticons-Info.plist";
				IPHONEOS_DEPLOYMENT_TARGET = 5.1.1;
				PRODUCT_NAME = "$(TARGET_NAME)";
				PROVISIONING_PROFILE = "332AA5E9-3C12-493F-87BB-AD39F8B92203";
				WRAPPER_EXTENSION = app;
			};
			name = Release;
		};
		58FB176118ED5E2B009D8BFB /* Debug */ = {
			isa = XCBuildConfiguration;
			buildSettings = {
				BUNDLE_LOADER = "$(BUILT_PRODUCTS_DIR)/Emoticons.app/Emoticons";
				FRAMEWORK_SEARCH_PATHS = (
					"$(SDKROOT)/Developer/Library/Frameworks",
					"$(inherited)",
					"$(DEVELOPER_FRAMEWORKS_DIR)",
				);
				GCC_PRECOMPILE_PREFIX_HEADER = YES;
				GCC_PREFIX_HEADER = "Emoticons/Emoticons-Prefix.pch";
				GCC_PREPROCESSOR_DEFINITIONS = (
					"DEBUG=1",
					"$(inherited)",
				);
				INFOPLIST_FILE = "EmoticonsTests/EmoticonsTests-Info.plist";
				PRODUCT_NAME = "$(TARGET_NAME)";
				TEST_HOST = "$(BUNDLE_LOADER)";
				WRAPPER_EXTENSION = xctest;
			};
			name = Debug;
		};
		58FB176218ED5E2B009D8BFB /* Release */ = {
			isa = XCBuildConfiguration;
			buildSettings = {
				BUNDLE_LOADER = "$(BUILT_PRODUCTS_DIR)/Emoticons.app/Emoticons";
				FRAMEWORK_SEARCH_PATHS = (
					"$(SDKROOT)/Developer/Library/Frameworks",
					"$(inherited)",
					"$(DEVELOPER_FRAMEWORKS_DIR)",
				);
				GCC_PRECOMPILE_PREFIX_HEADER = YES;
				GCC_PREFIX_HEADER = "Emoticons/Emoticons-Prefix.pch";
				INFOPLIST_FILE = "EmoticonsTests/EmoticonsTests-Info.plist";
				PRODUCT_NAME = "$(TARGET_NAME)";
				TEST_HOST = "$(BUNDLE_LOADER)";
				WRAPPER_EXTENSION = xctest;
			};
			name = Release;
		};
/* End XCBuildConfiguration section */

/* Begin XCConfigurationList section */
		58FB172618ED5E29009D8BFB /* Build configuration list for PBXProject "Emoticons" */ = {
			isa = XCConfigurationList;
			buildConfigurations = (
				58FB175B18ED5E2B009D8BFB /* Debug */,
				58FB175C18ED5E2B009D8BFB /* Release */,
			);
			defaultConfigurationIsVisible = 0;
			defaultConfigurationName = Release;
		};
		58FB175D18ED5E2B009D8BFB /* Build configuration list for PBXNativeTarget "Emoticons" */ = {
			isa = XCConfigurationList;
			buildConfigurations = (
				58FB175E18ED5E2B009D8BFB /* Debug */,
				58FB175F18ED5E2B009D8BFB /* Release */,
			);
			defaultConfigurationIsVisible = 0;
		};
		58FB176018ED5E2B009D8BFB /* Build configuration list for PBXNativeTarget "EmoticonsTests" */ = {
			isa = XCConfigurationList;
			buildConfigurations = (
				58FB176118ED5E2B009D8BFB /* Debug */,
				58FB176218ED5E2B009D8BFB /* Release */,
			);
			defaultConfigurationIsVisible = 0;
		};
/* End XCConfigurationList section */
	};
	rootObject = 58FB172318ED5E29009D8BFB /* Project object */;
}
